Microsoft Visual Studio Solution File, Format Version 12.00
# Visual Studio 2012
Project("{3A2445D8-9EDB-CAB6-6B2C-F292DAC1BB58}") = "TheEnd", "Assembly-CSharp-firstpass.csproj", "{C86EE05E-2915-198C-8B72-C8F9E8C8370E}"
EndProject
Project("{3A2445D8-9EDB-CAB6-6B2C-F292DAC1BB58}") = "TheEnd", "Assembly-CSharp.csproj", "{D377FD5C-C48C-6EC0-4911-83937FFBF34C}"
EndProject
Project("{3A2445D8-9EDB-CAB6-6B2C-F292DAC1BB58}") = "TheEnd", "Assembly-CSharp-Editor.csproj", "{B3C171D9-ADD9-2E6C-7C7B-745FF9A97F71}"
EndProject
Project("{3A2445D8-9EDB-CAB6-6B2C-F292DAC1BB58}") = "TheEnd", "Assembly-UnityScript.unityproj", "{62CFAD03-C251-2CC7-450E-3E8FD781ED84}"
EndProject
Global
	GlobalSection(SolutionConfigurationPlatforms) = preSolution
		Debug|Any CPU = Debug|Any CPU
		Release|Any CPU = Release|Any CPU
	EndGlobalSection
	GlobalSection(ProjectConfigurationPlatforms) = postSolution
		{C86EE05E-2915-198C-8B72-C8F9E8C8370E}.Debug|Any CPU.ActiveCfg = Debug|Any CPU
		{C86EE05E-2915-198C-8B72-C8F9E8C8370E}.Debug|Any CPU.Build.0 = Debug|Any CPU
		{C86EE05E-2915-198C-8B72-C8F9E8C8370E}.Release|Any CPU.ActiveCfg = Release|Any CPU
		{C86EE05E-2915-198C-8B72-C8F9E8C8370E}.Release|Any CPU.Build.0 = Release|Any CPU
		{D377FD5C-C48C-6EC0-4911-83937FFBF34C}.Debug|Any CPU.ActiveCfg = Debug|Any CPU
		{D377FD5C-C48C-6EC0-4911-83937FFBF34C}.Debug|Any CPU.Build.0 = Debug|Any CPU
		{D377FD5C-C48C-6EC0-4911-83937FFBF34C}.Release|Any CPU.ActiveCfg = Release|Any CPU
		{D377FD5C-C48C-6EC0-4911-83937FFBF34C}.Release|Any CPU.Build.0 = Release|Any CPU
		{B3C171D9-ADD9-2E6C-7C7B-745FF9A97F71}.Debug|Any CPU.ActiveCfg = Debug|Any CPU
		{B3C171D9-ADD9-2E6C-7C7B-745FF9A97F71}.Debug|Any CPU.Build.0 = Debug|Any CPU
		{B3C171D9-ADD9-2E6C-7C7B-745FF9A97F71}.Release|Any CPU.ActiveCfg = Release|Any CPU
		{B3C171D9-ADD9-2E6C-7C7B-745FF9A97F71}.Release|Any CPU.Build.0 = Release|Any CPU
		{62CFAD03-C251-2CC7-450E-3E8FD781ED84}.Debug|Any CPU.ActiveCfg = Debug|Any CPU
		{62CFAD03-C251-2CC7-450E-3E8FD781ED84}.Debug|Any CPU.Build.0 = Debug|Any CPU
		{62CFAD03-C251-2CC7-450E-3E8FD781ED84}.Release|Any CPU.ActiveCfg = Release|Any CPU
		{62CFAD03-C251-2CC7-450E-3E8FD781ED84}.Release|Any CPU.Build.0 = Release|Any CPU
	EndGlobalSection
EndGlobal
