
Microsoft Visual Studio Solution File, Format Version 12.00
# Visual Studio 2015
Project("{FAE04EC0-301F-11D3-BF4B-00C04F79EFBC}") = "TheEnd.CSharp.Plugins", "TheEnd.CSharp.Plugins.csproj", "{6ABA71C8-DCCC-E2CD-3219-81B732A679D4}"
EndProject
Project("{FAE04EC0-301F-11D3-BF4B-00C04F79EFBC}") = "TheEnd.CSharp", "TheEnd.CSharp.csproj", "{2367369C-22D9-928B-7B1D-551233CC277B}"
EndProject
Project("{FAE04EC0-301F-11D3-BF4B-00C04F79EFBC}") = "TheEnd.CSharp.Editor", "TheEnd.CSharp.Editor.csproj", "{F49C31A8-67B3-4BB6-69E5-6F6D0622E1CB}"
EndProject
Global
	GlobalSection(SolutionConfigurationPlatforms) = preSolution
		Debug|Any CPU = Debug|Any CPU
		Release|Any CPU = Release|Any CPU
	EndGlobalSection
	GlobalSection(ProjectConfigurationPlatforms) = postSolution
		{6ABA71C8-DCCC-E2CD-3219-81B732A679D4}.Debug|Any CPU.ActiveCfg = Debug|Any CPU
		{6ABA71C8-DCCC-E2CD-3219-81B732A679D4}.Debug|Any CPU.Build.0 = Debug|Any CPU
		{6ABA71C8-DCCC-E2CD-3219-81B732A679D4}.Release|Any CPU.ActiveCfg = Release|Any CPU
		{6ABA71C8-DCCC-E2CD-3219-81B732A679D4}.Release|Any CPU.Build.0 = Release|Any CPU
		{2367369C-22D9-928B-7B1D-551233CC277B}.Debug|Any CPU.ActiveCfg = Debug|Any CPU
		{2367369C-22D9-928B-7B1D-551233CC277B}.Debug|Any CPU.Build.0 = Debug|Any CPU
		{2367369C-22D9-928B-7B1D-551233CC277B}.Release|Any CPU.ActiveCfg = Release|Any CPU
		{2367369C-22D9-928B-7B1D-551233CC277B}.Release|Any CPU.Build.0 = Release|Any CPU
		{F49C31A8-67B3-4BB6-69E5-6F6D0622E1CB}.Debug|Any CPU.ActiveCfg = Debug|Any CPU
		{F49C31A8-67B3-4BB6-69E5-6F6D0622E1CB}.Debug|Any CPU.Build.0 = Debug|Any CPU
		{F49C31A8-67B3-4BB6-69E5-6F6D0622E1CB}.Release|Any CPU.ActiveCfg = Release|Any CPU
		{F49C31A8-67B3-4BB6-69E5-6F6D0622E1CB}.Release|Any CPU.Build.0 = Release|Any CPU
	EndGlobalSection
	GlobalSection(SolutionProperties) = preSolution
		HideSolutionNode = FALSE
	EndGlobalSection
EndGlobal
