Microsoft Visual Studio Solution File, Format Version 11.00
# Visual Studio 2008

Project("{3A2445D8-9EDB-CAB6-6B2C-F292DAC1BB58}") = "TheEnd", "Assembly-CSharp-firstpass-vs.csproj", "{C86EE05E-2915-198C-8B72-C8F9E8C8370E}"
EndProject
Project("{3A2445D8-9EDB-CAB6-6B2C-F292DAC1BB58}") = "TheEnd", "Assembly-CSharp-vs.csproj", "{D377FD5C-C48C-6EC0-4911-83937FFBF34C}"
EndProject
Project("{3A2445D8-9EDB-CAB6-6B2C-F292DAC1BB58}") = "TheEnd", "Assembly-CSharp-Editor-vs.csproj", "{B3C171D9-ADD9-2E6C-7C7B-745FF9A97F71}"
EndProject
Global
	GlobalSection(SolutionConfigurationPlatforms) = preSolution
		Debug|Any CPU = Debug|Any CPU
		Release|Any CPU = Release|Any CPU
	EndGlobalSection
	GlobalSection(ProjectConfigurationPlatforms) = postSolution
		{C86EE05E-2915-198C-8B72-C8F9E8C8370E}.Debug|Any CPU.ActiveCfg = Debug|Any CPU
		{C86EE05E-2915-198C-8B72-C8F9E8C8370E}.Debug|Any CPU.Build.0 = Debug|Any CPU
		{C86EE05E-2915-198C-8B72-C8F9E8C8370E}.Release|Any CPU.ActiveCfg = Release|Any CPU
		{C86EE05E-2915-198C-8B72-C8F9E8C8370E}.Release|Any CPU.Build.0 = Release|Any CPU
		{D377FD5C-C48C-6EC0-4911-83937FFBF34C}.Debug|Any CPU.ActiveCfg = Debug|Any CPU
		{D377FD5C-C48C-6EC0-4911-83937FFBF34C}.Debug|Any CPU.Build.0 = Debug|Any CPU
		{D377FD5C-C48C-6EC0-4911-83937FFBF34C}.Release|Any CPU.ActiveCfg = Release|Any CPU
		{D377FD5C-C48C-6EC0-4911-83937FFBF34C}.Release|Any CPU.Build.0 = Release|Any CPU
		{B3C171D9-ADD9-2E6C-7C7B-745FF9A97F71}.Debug|Any CPU.ActiveCfg = Debug|Any CPU
		{B3C171D9-ADD9-2E6C-7C7B-745FF9A97F71}.Debug|Any CPU.Build.0 = Debug|Any CPU
		{B3C171D9-ADD9-2E6C-7C7B-745FF9A97F71}.Release|Any CPU.ActiveCfg = Release|Any CPU
		{B3C171D9-ADD9-2E6C-7C7B-745FF9A97F71}.Release|Any CPU.Build.0 = Release|Any CPU
	EndGlobalSection
	GlobalSection(SolutionProperties) = preSolution
		HideSolutionNode = FALSE
	EndGlobalSection
																																																																																																																																																									GlobalSection(MonoDevelopProperties) = preSolution
		StartupItem = Assembly-CSharp.csproj
		Policies = $0
		$0.TextStylePolicy = $1
		$1.inheritsSet = null
		$1.scope = text/x-csharp
		$0.CSharpFormattingPolicy = $2
		$2.inheritsSet = Mono
		$2.inheritsScope = text/x-csharp
		$2.scope = text/x-csharp
		$0.TextStylePolicy = $3
		$3.FileWidth = 120
		$3.TabWidth = 4
		$3.IndentWidth = 4
		$3.EolMarker = Unix
		$3.inheritsSet = Mono
		$3.inheritsScope = text/plain
		$3.scope = text/plain
	EndGlobalSection

EndGlobal
